# This file was autogenerated by Stack.
# You should not edit this file by hand.
# For more information, please see the documentation at:
#   https://docs.haskellstack.org/en/stable/lock_files

packages:
- completed:
    hackage: clash-prelude-1.0.1@sha256:a1f3e0b959f39b9e620e18fdc7a8647ed91bd888db8d5b52b961e1f9c8fc5739,12526
    pantry-tree:
      size: 9159
      sha256: 56e6219588b1e6516861f2b343e9d3a3e375c8d36b664705602afe230a6d53b5
  original:
    hackage: clash-prelude-1.0.1
snapshots:
- completed:
    size: 524164
    url: https://raw.githubusercontent.com/commercialhaskell/stackage-snapshots/master/lts/14/22.yaml
    sha256: 7ad8f33179b32d204165a3a662c6269464a47a7e65a30abc38d01b5a38ec42c0
  original: lts-14.22
